
Microsoft Visual Studio Solution File, Format Version 12.00
# Visual Studio 14
VisualStudioVersion = 14.0.25123.0
MinimumVisualStudioVersion = 10.0.40219.1
Project("{36FC6723-002D-403A-9E6A-D6B868402B3E}") = "Sitecore.Support.108942.372406", "Sitecore.Support.108942.372406\Sitecore.Support.108942.372406.csproj", "{B2D67990-5E7D-495F-8FB6-F5565F6052C8}"
EndProject
Global
	GlobalSection(SolutionConfigurationPlatforms) = preSolution
		Debug|Any CPU = Debug|Any CPU
		Release|Any CPU = Release|Any CPU
	EndGlobalSection
	GlobalSection(ProjectConfigurationPlatforms) = postSolution
		{B2D67990-5E7D-495F-8FB6-F5565F6052C8}.Debug|Any CPU.ActiveCfg = Debug|Any CPU
		{B2D67990-5E7D-495F-8FB6-F5565F6052C8}.Debug|Any CPU.Build.0 = Debug|Any CPU
		{B2D67990-5E7D-495F-8FB6-F5565F6052C8}.Release|Any CPU.ActiveCfg = Release|Any CPU
		{B2D67990-5E7D-495F-8FB6-F5565F6052C8}.Release|Any CPU.Build.0 = Release|Any CPU
	EndGlobalSection
	GlobalSection(SolutionProperties) = preSolution
		HideSolutionNode = FALSE
	EndGlobalSection
EndGlobal
